// !$*UTF8*$!
{
	archiveVersion = 1;
	classes = {
	};
	objectVersion = 50;
	objects = {

/* Begin PBXBuildFile section */
		192E89DA2617509E003ABBE7 /* AppDelegate.swift in Sources */ = {isa = PBXBuildFile; fileRef = 192E89D92617509E003ABBE7 /* AppDelegate.swift */; };
		192E89DC2617509E003ABBE7 /* SceneDelegate.swift in Sources */ = {isa = PBXBuildFile; fileRef = 192E89DB2617509E003ABBE7 /* SceneDelegate.swift */; };
		192E89DE2617509E003ABBE7 /* eye.slash.fill.swift in Sources */ = {isa = PBXBuildFile; fileRef = 192E89DD2617509E003ABBE7 /* eye.slash.fill.swift */; };
		192E89E12617509E003ABBE7 /* Main.storyboard in Resources */ = {isa = PBXBuildFile; fileRef = 192E89DF2617509E003ABBE7 /* Main.storyboard */; };
		192E89E3261750A1003ABBE7 /* Assets.xcassets in Resources */ = {isa = PBXBuildFile; fileRef = 192E89E2261750A1003ABBE7 /* Assets.xcassets */; };
		192E89E6261750A1003ABBE7 /* LaunchScreen.storyboard in Resources */ = {isa = PBXBuildFile; fileRef = 192E89E4261750A1003ABBE7 /* LaunchScreen.storyboard */; };
/* End PBXBuildFile section */

/* Begin PBXFileReference section */
		192E89D62617509E003ABBE7 /* Empresas Ioasys.app */ = {isa = PBXFileReference; explicitFileType = wrapper.application; includeInIndex = 0; path = "Empresas Ioasys.app"; sourceTree = BUILT_PRODUCTS_DIR; };
		192E89D92617509E003ABBE7 /* AppDelegate.swift */ = {isa = PBXFileReference; lastKnownFileType = sourcecode.swift; path = AppDelegate.swift; sourceTree = "<group>"; };
		192E89DB2617509E003ABBE7 /* SceneDelegate.swift */ = {isa = PBXFileReference; lastKnownFileType = sourcecode.swift; path = SceneDelegate.swift; sourceTree = "<group>"; };
		192E89DD2617509E003ABBE7 /* eye.slash.fill.swift */ = {isa = PBXFileReference; lastKnownFileType = sourcecode.swift; path = eye.slash.fill.swift; sourceTree = "<group>"; };
		192E89E02617509E003ABBE7 /* Base */ = {isa = PBXFileReference; lastKnownFileType = file.storyboard; name = Base; path = Base.lproj/Main.storyboard; sourceTree = "<group>"; };
		192E89E2261750A1003ABBE7 /* Assets.xcassets */ = {isa = PBXFileReference; lastKnownFileType = folder.assetcatalog; path = Assets.xcassets; sourceTree = "<group>"; };
		192E89E5261750A1003ABBE7 /* Base */ = {isa = PBXFileReference; lastKnownFileType = file.storyboard; name = Base; path = Base.lproj/LaunchScreen.storyboard; sourceTree = "<group>"; };
		192E89E7261750A1003ABBE7 /* Info.plist */ = {isa = PBXFileReference; lastKnownFileType = text.plist.xml; path = Info.plist; sourceTree = "<group>"; };
/* End PBXFileReference section */

/* Begin PBXFrameworksBuildPhase section */
		192E89D32617509E003ABBE7 /* Frameworks */ = {
			isa = PBXFrameworksBuildPhase;
			buildActionMask = 2147483647;
			files = (
			);
			runOnlyForDeploymentPostprocessing = 0;
		};
/* End PBXFrameworksBuildPhase section */

/* Begin PBXGroup section */
		192E89CD2617509E003ABBE7 = {
			isa = PBXGroup;
			children = (
				192E89D82617509E003ABBE7 /* Empresas Ioasys */,
				192E89D72617509E003ABBE7 /* Products */,
			);
			sourceTree = "<group>";
		};
		192E89D72617509E003ABBE7 /* Products */ = {
			isa = PBXGroup;
			children = (
				192E89D62617509E003ABBE7 /* Empresas Ioasys.app */,
			);
			name = Products;
			sourceTree = "<group>";
		};
		192E89D82617509E003ABBE7 /* Empresas Ioasys */ = {
			isa = PBXGroup;
			children = (
				19302F512618B7BC00FE811C /* API */,
				19302F502618B7B000FE811C /* Network */,
				19302F4F2618B7A900FE811C /* Controller */,
				19302F4D2618B79F00FE811C /* View */,
				19302F4B2618B78E00FE811C /* Model */,
				192E89D92617509E003ABBE7 /* AppDelegate.swift */,
				192E89DB2617509E003ABBE7 /* SceneDelegate.swift */,
				192E89DD2617509E003ABBE7 /* eye.slash.fill.swift */,
				192E89DF2617509E003ABBE7 /* Main.storyboard */,
				192E89E2261750A1003ABBE7 /* Assets.xcassets */,
				192E89E4261750A1003ABBE7 /* LaunchScreen.storyboard */,
				192E89E7261750A1003ABBE7 /* Info.plist */,
			);
			path = "Empresas Ioasys";
			sourceTree = "<group>";
		};
		19302F4B2618B78E00FE811C /* Model */ = {
			isa = PBXGroup;
			children = (
			);
			path = Model;
			sourceTree = "<group>";
		};
		19302F4D2618B79F00FE811C /* View */ = {
			isa = PBXGroup;
			children = (
			);
			path = View;
			sourceTree = "<group>";
		};
		19302F4F2618B7A900FE811C /* Controller */ = {
			isa = PBXGroup;
			children = (
			);
			path = Controller;
			sourceTree = "<group>";
		};
		19302F502618B7B000FE811C /* Network */ = {
			isa = PBXGroup;
			children = (
			);
			path = Network;
			sourceTree = "<group>";
		};
		19302F512618B7BC00FE811C /* API */ = {
			isa = PBXGroup;
			children = (
			);
			path = API;
			sourceTree = "<group>";
		};
/* End PBXGroup section */

/* Begin PBXNativeTarget section */
		192E89D52617509E003ABBE7 /* Empresas Ioasys */ = {
			isa = PBXNativeTarget;
			buildConfigurationList = 192E89EA261750A1003ABBE7 /* Build configuration list for PBXNativeTarget "Empresas Ioasys" */;
			buildPhases = (
				192E89D22617509E003ABBE7 /* Sources */,
				192E89D32617509E003ABBE7 /* Frameworks */,
				192E89D42617509E003ABBE7 /* Resources */,
			);
			buildRules = (
			);
			dependencies = (
			);
			name = "Empresas Ioasys";
			productName = "Empresas Ioasys";
			productReference = 192E89D62617509E003ABBE7 /* Empresas Ioasys.app */;
			productType = "com.apple.product-type.application";
		};
/* End PBXNativeTarget section */

/* Begin PBXProject section */
		192E89CE2617509E003ABBE7 /* Project object */ = {
			isa = PBXProject;
			attributes = {
				LastSwiftUpdateCheck = 1240;
				LastUpgradeCheck = 1240;
				TargetAttributes = {
					192E89D52617509E003ABBE7 = {
						CreatedOnToolsVersion = 12.4;
					};
				};
			};
			buildConfigurationList = 192E89D12617509E003ABBE7 /* Build configuration list for PBXProject "Empresas Ioasys" */;
			compatibilityVersion = "Xcode 9.3";
			developmentRegion = en;
			hasScannedForEncodings = 0;
			knownRegions = (
				en,
				Base,
			);
			mainGroup = 192E89CD2617509E003ABBE7;
			productRefGroup = 192E89D72617509E003ABBE7 /* Products */;
			projectDirPath = "";
			projectRoot = "";
			targets = (
				192E89D52617509E003ABBE7 /* Empresas Ioasys */,
			);
		};
/* End PBXProject section */

/* Begin PBXResourcesBuildPhase section */
		192E89D42617509E003ABBE7 /* Resources */ = {
			isa = PBXResourcesBuildPhase;
			buildActionMask = 2147483647;
			files = (
				192E89E6261750A1003ABBE7 /* LaunchScreen.storyboard in Resources */,
				192E89E3261750A1003ABBE7 /* Assets.xcassets in Resources */,
				192E89E12617509E003ABBE7 /* Main.storyboard in Resources */,
			);
			runOnlyForDeploymentPostprocessing = 0;
		};
/* End PBXResourcesBuildPhase section */

/* Begin PBXSourcesBuildPhase section */
		192E89D22617509E003ABBE7 /* Sources */ = {
			isa = PBXSourcesBuildPhase;
			buildActionMask = 2147483647;
			files = (
				192E89DE2617509E003ABBE7 /* eye.slash.fill.swift in Sources */,
				192E89DA2617509E003ABBE7 /* AppDelegate.swift in Sources */,
				192E89DC2617509E003ABBE7 /* SceneDelegate.swift in Sources */,
			);
			runOnlyForDeploymentPostprocessing = 0;
		};
/* End PBXSourcesBuildPhase section */

/* Begin PBXVariantGroup section */
		192E89DF2617509E003ABBE7 /* Main.storyboard */ = {
			isa = PBXVariantGroup;
			children = (
				192E89E02617509E003ABBE7 /* Base */,
			);
			name = Main.storyboard;
			sourceTree = "<group>";
		};
		192E89E4261750A1003ABBE7 /* LaunchScreen.storyboard */ = {
			isa = PBXVariantGroup;
			children = (
				192E89E5261750A1003ABBE7 /* Base */,
			);
			name = LaunchScreen.storyboard;
			sourceTree = "<group>";
		};
/* End PBXVariantGroup section */

/* Begin XCBuildConfiguration section */
		192E89E8261750A1003ABBE7 /* Debug */ = {
			isa = XCBuildConfiguration;
			buildSettings = {
				ALWAYS_SEARCH_USER_PATHS = NO;
				CLANG_ANALYZER_NONNULL = YES;
				CLANG_ANALYZER_NUMBER_OBJECT_CONVERSION = YES_AGGRESSIVE;
				CLANG_CXX_LANGUAGE_STANDARD = "gnu++14";
				CLANG_CXX_LIBRARY = "libc++";
				CLANG_ENABLE_MODULES = YES;
				CLANG_ENABLE_OBJC_ARC = YES;
				CLANG_ENABLE_OBJC_WEAK = YES;
				CLANG_WARN_BLOCK_CAPTURE_AUTORELEASING = YES;
				CLANG_WARN_BOOL_CONVERSION = YES;
				CLANG_WARN_COMMA = YES;
				CLANG_WARN_CONSTANT_CONVERSION = YES;
				CLANG_WARN_DEPRECATED_OBJC_IMPLEMENTATIONS = YES;
				CLANG_WARN_DIRECT_OBJC_ISA_USAGE = YES_ERROR;
				CLANG_WARN_DOCUMENTATION_COMMENTS = YES;
				CLANG_WARN_EMPTY_BODY = YES;
				CLANG_WARN_ENUM_CONVERSION = YES;
				CLANG_WARN_INFINITE_RECURSION = YES;
				CLANG_WARN_INT_CONVERSION = YES;
				CLANG_WARN_NON_LITERAL_NULL_CONVERSION = YES;
				CLANG_WARN_OBJC_IMPLICIT_RETAIN_SELF = YES;
				CLANG_WARN_OBJC_LITERAL_CONVERSION = YES;
				CLANG_WARN_OBJC_ROOT_CLASS = YES_ERROR;
				CLANG_WARN_QUOTED_INCLUDE_IN_FRAMEWORK_HEADER = YES;
				CLANG_WARN_RANGE_LOOP_ANALYSIS = YES;
				CLANG_WARN_STRICT_PROTOTYPES = YES;
				CLANG_WARN_SUSPICIOUS_MOVE = YES;
				CLANG_WARN_UNGUARDED_AVAILABILITY = YES_AGGRESSIVE;
				CLANG_WARN_UNREACHABLE_CODE = YES;
				CLANG_WARN__DUPLICATE_METHOD_MATCH = YES;
				COPY_PHASE_STRIP = NO;
				DEBUG_INFORMATION_FORMAT = dwarf;
				ENABLE_STRICT_OBJC_MSGSEND = YES;
				ENABLE_TESTABILITY = YES;
				GCC_C_LANGUAGE_STANDARD = gnu11;
				GCC_DYNAMIC_NO_PIC = NO;
				GCC_NO_COMMON_BLOCKS = YES;
				GCC_OPTIMIZATION_LEVEL = 0;
				GCC_PREPROCESSOR_DEFINITIONS = (
					"DEBUG=1",
					"$(inherited)",
				);
				GCC_WARN_64_TO_32_BIT_CONVERSION = YES;
				GCC_WARN_ABOUT_RETURN_TYPE = YES_ERROR;
				GCC_WARN_UNDECLARED_SELECTOR = YES;
				GCC_WARN_UNINITIALIZED_AUTOS = YES_AGGRESSIVE;
				GCC_WARN_UNUSED_FUNCTION = YES;
				GCC_WARN_UNUSED_VARIABLE = YES;
				IPHONEOS_DEPLOYMENT_TARGET = 14.4;
				MTL_ENABLE_DEBUG_INFO = INCLUDE_SOURCE;
				MTL_FAST_MATH = YES;
				ONLY_ACTIVE_ARCH = YES;
				SDKROOT = iphoneos;
				SWIFT_ACTIVE_COMPILATION_CONDITIONS = DEBUG;
				SWIFT_OPTIMIZATION_LEVEL = "-Onone";
			};
			name = Debug;
		};
		192E89E9261750A1003ABBE7 /* Release */ = {
			isa = XCBuildConfiguration;
			buildSettings = {
				ALWAYS_SEARCH_USER_PATHS = NO;
				CLANG_ANALYZER_NONNULL = YES;
				CLANG_ANALYZER_NUMBER_OBJECT_CONVERSION = YES_AGGRESSIVE;
				CLANG_CXX_LANGUAGE_STANDARD = "gnu++14";
				CLANG_CXX_LIBRARY = "libc++";
				CLANG_ENABLE_MODULES = YES;
				CLANG_ENABLE_OBJC_ARC = YES;
				CLANG_ENABLE_OBJC_WEAK = YES;
				CLANG_WARN_BLOCK_CAPTURE_AUTORELEASING = YES;
				CLANG_WARN_BOOL_CONVERSION = YES;
				CLANG_WARN_COMMA = YES;
				CLANG_WARN_CONSTANT_CONVERSION = YES;
				CLANG_WARN_DEPRECATED_OBJC_IMPLEMENTATIONS = YES;
				CLANG_WARN_DIRECT_OBJC_ISA_USAGE = YES_ERROR;
				CLANG_WARN_DOCUMENTATION_COMMENTS = YES;
				CLANG_WARN_EMPTY_BODY = YES;
				CLANG_WARN_ENUM_CONVERSION = YES;
				CLANG_WARN_INFINITE_RECURSION = YES;
				CLANG_WARN_INT_CONVERSION = YES;
				CLANG_WARN_NON_LITERAL_NULL_CONVERSION = YES;
				CLANG_WARN_OBJC_IMPLICIT_RETAIN_SELF = YES;
				CLANG_WARN_OBJC_LITERAL_CONVERSION = YES;
				CLANG_WARN_OBJC_ROOT_CLASS = YES_ERROR;
				CLANG_WARN_QUOTED_INCLUDE_IN_FRAMEWORK_HEADER = YES;
				CLANG_WARN_RANGE_LOOP_ANALYSIS = YES;
				CLANG_WARN_STRICT_PROTOTYPES = YES;
				CLANG_WARN_SUSPICIOUS_MOVE = YES;
				CLANG_WARN_UNGUARDED_AVAILABILITY = YES_AGGRESSIVE;
				CLANG_WARN_UNREACHABLE_CODE = YES;
				CLANG_WARN__DUPLICATE_METHOD_MATCH = YES;
				COPY_PHASE_STRIP = NO;
				DEBUG_INFORMATION_FORMAT = "dwarf-with-dsym";
				ENABLE_NS_ASSERTIONS = NO;
				ENABLE_STRICT_OBJC_MSGSEND = YES;
				GCC_C_LANGUAGE_STANDARD = gnu11;
				GCC_NO_COMMON_BLOCKS = YES;
				GCC_WARN_64_TO_32_BIT_CONVERSION = YES;
				GCC_WARN_ABOUT_RETURN_TYPE = YES_ERROR;
				GCC_WARN_UNDECLARED_SELECTOR = YES;
				GCC_WARN_UNINITIALIZED_AUTOS = YES_AGGRESSIVE;
				GCC_WARN_UNUSED_FUNCTION = YES;
				GCC_WARN_UNUSED_VARIABLE = YES;
				IPHONEOS_DEPLOYMENT_TARGET = 14.4;
				MTL_ENABLE_DEBUG_INFO = NO;
				MTL_FAST_MATH = YES;
				SDKROOT = iphoneos;
				SWIFT_COMPILATION_MODE = wholemodule;
				SWIFT_OPTIMIZATION_LEVEL = "-O";
				VALIDATE_PRODUCT = YES;
			};
			name = Release;
		};
		192E89EB261750A1003ABBE7 /* Debug */ = {
			isa = XCBuildConfiguration;
			buildSettings = {
				ASSETCATALOG_COMPILER_APPICON_NAME = AppIcon;
				ASSETCATALOG_COMPILER_GLOBAL_ACCENT_COLOR_NAME = AccentColor;
				CODE_SIGN_STYLE = Automatic;
				DEVELOPMENT_TEAM = PDJYHM96J6;
				INFOPLIST_FILE = "Empresas Ioasys/Info.plist";
				LD_RUNPATH_SEARCH_PATHS = (
					"$(inherited)",
					"@executable_path/Frameworks",
				);
				PRODUCT_BUNDLE_IDENTIFIER = "Camp-Ioasys.Empresas-Ioasys";
				PRODUCT_NAME = "$(TARGET_NAME)";
				SWIFT_VERSION = 5.0;
				TARGETED_DEVICE_FAMILY = "1,2";
			};
			name = Debug;
		};
		192E89EC261750A1003ABBE7 /* Release */ = {
			isa = XCBuildConfiguration;
			buildSettings = {
				ASSETCATALOG_COMPILER_APPICON_NAME = AppIcon;
				ASSETCATALOG_COMPILER_GLOBAL_ACCENT_COLOR_NAME = AccentColor;
				CODE_SIGN_STYLE = Automatic;
				DEVELOPMENT_TEAM = PDJYHM96J6;
				INFOPLIST_FILE = "Empresas Ioasys/Info.plist";
				LD_RUNPATH_SEARCH_PATHS = (
					"$(inherited)",
					"@executable_path/Frameworks",
				);
				PRODUCT_BUNDLE_IDENTIFIER = "Camp-Ioasys.Empresas-Ioasys";
				PRODUCT_NAME = "$(TARGET_NAME)";
				SWIFT_VERSION = 5.0;
				TARGETED_DEVICE_FAMILY = "1,2";
			};
			name = Release;
		};
/* End XCBuildConfiguration section */

/* Begin XCConfigurationList section */
		192E89D12617509E003ABBE7 /* Build configuration list for PBXProject "Empresas Ioasys" */ = {
			isa = XCConfigurationList;
			buildConfigurations = (
				192E89E8261750A1003ABBE7 /* Debug */,
				192E89E9261750A1003ABBE7 /* Release */,
			);
			defaultConfigurationIsVisible = 0;
			defaultConfigurationName = Release;
		};
		192E89EA261750A1003ABBE7 /* Build configuration list for PBXNativeTarget "Empresas Ioasys" */ = {
			isa = XCConfigurationList;
			buildConfigurations = (
				192E89EB261750A1003ABBE7 /* Debug */,
				192E89EC261750A1003ABBE7 /* Release */,
			);
			defaultConfigurationIsVisible = 0;
			defaultConfigurationName = Release;
		};
/* End XCConfigurationList section */
	};
	rootObject = 192E89CE2617509E003ABBE7 /* Project object */;
}
